
Microsoft Visual Studio Solution File, Format Version 12.00
# Visual Studio Version 17
VisualStudioVersion = 17.5.33502.453
MinimumVisualStudioVersion = 10.0.40219.1
Project("{FAE04EC0-301F-11D3-BF4B-00C04F79EFBC}") = "WindowsGameAutomationTools", "WindowsGameAutomationTools.csproj", "{A09B341F-B409-4FB6-8B45-154CB7DAE91B}"
EndProject
Project("{FAE04EC0-301F-11D3-BF4B-00C04F79EFBC}") = "WindowsGameAutomationToolsTests", "..\WindowsGameAutomationToolsTests\WindowsGameAutomationToolsTests.csproj", "{70F34C87-082A-416A-811C-646B5D050F1D}"
EndProject
Global
	GlobalSection(SolutionConfigurationPlatforms) = preSolution
		Debug|Any CPU = Debug|Any CPU
		Release|Any CPU = Release|Any CPU
	EndGlobalSection
	GlobalSection(ProjectConfigurationPlatforms) = postSolution
		{A09B341F-B409-4FB6-8B45-154CB7DAE91B}.Debug|Any CPU.ActiveCfg = Debug|Any CPU
		{A09B341F-B409-4FB6-8B45-154CB7DAE91B}.Debug|Any CPU.Build.0 = Debug|Any CPU
		{A09B341F-B409-4FB6-8B45-154CB7DAE91B}.Release|Any CPU.ActiveCfg = Release|Any CPU
		{A09B341F-B409-4FB6-8B45-154CB7DAE91B}.Release|Any CPU.Build.0 = Release|Any CPU
		{70F34C87-082A-416A-811C-646B5D050F1D}.Debug|Any CPU.ActiveCfg = Debug|Any CPU
		{70F34C87-082A-416A-811C-646B5D050F1D}.Debug|Any CPU.Build.0 = Debug|Any CPU
		{70F34C87-082A-416A-811C-646B5D050F1D}.Release|Any CPU.ActiveCfg = Release|Any CPU
		{70F34C87-082A-416A-811C-646B5D050F1D}.Release|Any CPU.Build.0 = Release|Any CPU
	EndGlobalSection
	GlobalSection(SolutionProperties) = preSolution
		HideSolutionNode = FALSE
	EndGlobalSection
	GlobalSection(ExtensibilityGlobals) = postSolution
		SolutionGuid = {49C77525-618C-4859-B1C0-524543E9E2CA}
	EndGlobalSection
EndGlobal
